
Microsoft Visual Studio Solution File, Format Version 12.00
# Visual Studio Version 17
VisualStudioVersion = 17.5.002.0
MinimumVisualStudioVersion = 10.0.40219.1
Project("{9A19103F-16F7-4668-BE54-9A1E7A4F7556}") = "BlazorWebAsemb", "BlazorWebAsemb.csproj", "{0859B751-6B80-4F61-8D46-B67738E5DEBF}"
EndProject
Global
	GlobalSection(SolutionConfigurationPlatforms) = preSolution
		Debug|Any CPU = Debug|Any CPU
		Release|Any CPU = Release|Any CPU
	EndGlobalSection
	GlobalSection(ProjectConfigurationPlatforms) = postSolution
		{0859B751-6B80-4F61-8D46-B67738E5DEBF}.Debug|Any CPU.ActiveCfg = Debug|Any CPU
		{0859B751-6B80-4F61-8D46-B67738E5DEBF}.Debug|Any CPU.Build.0 = Debug|Any CPU
		{0859B751-6B80-4F61-8D46-B67738E5DEBF}.Release|Any CPU.ActiveCfg = Release|Any CPU
		{0859B751-6B80-4F61-8D46-B67738E5DEBF}.Release|Any CPU.Build.0 = Release|Any CPU
	EndGlobalSection
	GlobalSection(SolutionProperties) = preSolution
		HideSolutionNode = FALSE
	EndGlobalSection
	GlobalSection(ExtensibilityGlobals) = postSolution
		SolutionGuid = {AD88738E-A90C-40D8-934E-8717D9928F10}
	EndGlobalSection
EndGlobal
